{
  "nodes": {
    "bump": {
      "inputs": {
        "cligen": "cligen",
        "flakeNimbleLib": [
          "flakeNimbleLib"
        ],
        "nixpkgs": [
          "nixpkgs"
        ],
        "src-bump-1_8_29": "src-bump-1_8_29"
      },
      "locked": {
        "dir": "1_8_29",
        "lastModified": 1648153259,
        "narHash": "sha256-YbpK7Vc5nYvX+fCiL1UrGHscldvORoG5XVRVUWfoD1Y=",
        "owner": "nim-nix-pkgs",
        "repo": "bump",
        "rev": "22433623c45b482be8254bfcf09dc84945c218c9",
        "type": "github"
      },
      "original": {
        "dir": "1_8_29",
        "owner": "nim-nix-pkgs",
        "ref": "master",
        "repo": "bump",
        "type": "github"
      }
    },
    "cligen": {
      "inputs": {
        "flakeNimbleLib": [
          "bump",
          "flakeNimbleLib"
        ],
        "nixpkgs": [
          "bump",
          "nixpkgs"
        ],
        "src-cligen-v1_5_23": "src-cligen-v1_5_23"
      },
      "locked": {
        "dir": "v1_5_23",
        "lastModified": 1648152293,
        "narHash": "sha256-chQE0VNTamd11xDkYOyirPQH/0ADwtU4ECpEJIUkitU=",
        "owner": "nim-nix-pkgs",
        "repo": "cligen",
        "rev": "5add6a32b82f4fd6649c8a5319e628e69cde5669",
        "type": "github"
      },
      "original": {
        "dir": "v1_5_23",
        "owner": "nim-nix-pkgs",
        "ref": "master",
        "repo": "cligen",
        "type": "github"
      }
    },
    "cligen_2": {
      "inputs": {
        "flakeNimbleLib": [
          "flakeNimbleLib"
        ],
        "nixpkgs": [
          "nixpkgs"
        ],
        "src-cligen-v1_5_23": "src-cligen-v1_5_23_2"
      },
      "locked": {
        "dir": "v1_5_23",
        "lastModified": 1648152293,
        "narHash": "sha256-chQE0VNTamd11xDkYOyirPQH/0ADwtU4ECpEJIUkitU=",
        "owner": "nim-nix-pkgs",
        "repo": "cligen",
        "rev": "5add6a32b82f4fd6649c8a5319e628e69cde5669",
        "type": "github"
      },
      "original": {
        "dir": "v1_5_23",
        "owner": "nim-nix-pkgs",
        "ref": "master",
        "repo": "cligen",
        "type": "github"
      }
    },
    "flakeNimbleLib": {
      "inputs": {
        "nixpkgs": [
          "nixpkgs"
        ]
      },
      "locked": {
        "lastModified": 1648105061,
        "narHash": "sha256-Je25qNlH4xrH3+m6vIq6yPvdfQ80FRTwX4JOhrRLduc=",
        "owner": "riinr",
        "repo": "nim-flakes-lib",
        "rev": "f1ec5e2f15b9f717c33b6942ce7cb344ff868522",
        "type": "github"
      },
      "original": {
        "owner": "riinr",
        "ref": "master",
        "repo": "nim-flakes-lib",
        "type": "github"
      }
    },
    "foreach": {
      "inputs": {
        "flakeNimbleLib": [
          "flakeNimbleLib"
        ],
        "nixpkgs": [
          "nixpkgs"
        ],
        "src-foreach-1_0_2": "src-foreach-1_0_2"
      },
      "locked": {
        "dir": "1_0_2",
        "lastModified": 1648107533,
        "narHash": "sha256-e9Yy0yukchJplPhhac+GF4DKXV2kwmRuY9okWeCmIi0=",
        "owner": "nim-nix-pkgs",
        "repo": "foreach",
        "rev": "d9e7729bc996d51c3ee7c55856c545998294bb7a",
        "type": "github"
      },
      "original": {
        "dir": "1_0_2",
        "owner": "nim-nix-pkgs",
        "ref": "master",
        "repo": "foreach",
        "type": "github"
      }
    },
    "msgpack4nim": {
      "inputs": {
        "flakeNimbleLib": [
          "flakeNimbleLib"
        ],
        "nixpkgs": [
          "nixpkgs"
        ],
        "src-msgpack4nim-v0_2_9": "src-msgpack4nim-v0_2_9"
      },
      "locked": {
        "dir": "v0_2_9",
        "lastModified": 1648107803,
        "narHash": "sha256-F/ubuKUee/VcGjgIyACfAbD+W5N2CW1CsTRd7eT2UFI=",
        "owner": "nim-nix-pkgs",
        "repo": "msgpack4nim",
        "rev": "2a93c89def3a5e500c1214ddce636bd4c7403614",
        "type": "github"
      },
      "original": {
        "dir": "v0_2_9",
        "owner": "nim-nix-pkgs",
        "ref": "master",
        "repo": "msgpack4nim",
        "type": "github"
      }
    },
    "nixpkgs": {
      "locked": {
        "narHash": "sha256-sK1Ow//80EKE3bAF5d+2gB8vPXw6m5TBk3wSLHvdVe0=",
        "path": "/nix/store/0yqgkbpmsk7ck4s34wk505sfdd9vils4-source",
        "type": "path"
      },
      "original": {
        "id": "nixpkgs",
        "type": "indirect"
      }
    },
    "root": {
      "inputs": {
        "bump": "bump",
        "cligen": "cligen_2",
        "flakeNimbleLib": "flakeNimbleLib",
        "foreach": "foreach",
        "msgpack4nim": "msgpack4nim",
        "nixpkgs": "nixpkgs",
        "src-golden-3_0_14": "src-golden-3_0_14",
        "terminaltables": "terminaltables"
      }
    },
    "src-bump-1_8_29": {
      "flake": false,
      "locked": {
        "lastModified": 1624731078,
        "narHash": "sha256-EO/QZ06p2uO5GBESq3A8JNqHk44Jz9m21pOMQPphdA8=",
        "owner": "disruptek",
        "repo": "bump",
        "rev": "e6c4315a1875e2c8c7656a05099853090e12ab4a",
        "type": "github"
      },
      "original": {
        "owner": "disruptek",
        "ref": "refs/tags/1.8.29",
        "repo": "bump",
        "type": "github"
      }
    },
    "src-cligen-v1_5_23": {
      "flake": false,
      "locked": {
        "lastModified": 1647952908,
        "narHash": "sha256-rcledZbmcAXs0l5uQRmOennyMiw4G+zye6frGqksjyA=",
        "owner": "c-blake",
        "repo": "cligen",
        "rev": "cac47b08172978dad61d08debd0e68c3f249a3f7",
        "type": "github"
      },
      "original": {
        "owner": "c-blake",
        "ref": "refs/tags/v1.5.23",
        "repo": "cligen",
        "type": "github"
      }
    },
    "src-cligen-v1_5_23_2": {
      "flake": false,
      "locked": {
        "lastModified": 1647952908,
        "narHash": "sha256-rcledZbmcAXs0l5uQRmOennyMiw4G+zye6frGqksjyA=",
        "owner": "c-blake",
        "repo": "cligen",
        "rev": "cac47b08172978dad61d08debd0e68c3f249a3f7",
        "type": "github"
      },
      "original": {
        "owner": "c-blake",
        "ref": "refs/tags/v1.5.23",
        "repo": "cligen",
        "type": "github"
      }
    },
    "src-foreach-1_0_2": {
      "flake": false,
      "locked": {
        "lastModified": 1569360881,
        "narHash": "sha256-8dHG9O+ZccN0Nqz0jCTFN/aLXXCIVJM1Be/P6WJ0l50=",
        "owner": "disruptek",
        "repo": "foreach",
        "rev": "dedfdd415e8423378d74fa3986f9f25a1127ebf9",
        "type": "github"
      },
      "original": {
        "owner": "disruptek",
        "ref": "refs/tags/1.0.2",
        "repo": "foreach",
        "type": "github"
      }
    },
    "src-golden-3_0_14": {
      "flake": false,
      "locked": {
        "lastModified": 1590945377,
        "narHash": "sha256-Mrah82CB6nl7ml10BQ74/ugtsWFbz6MOVOH/QMn8mKU=",
        "owner": "disruptek",
        "repo": "golden",
        "rev": "e24ef5e75305cc71b10900a399700e2ffa0119c5",
        "type": "github"
      },
      "original": {
        "owner": "disruptek",
        "ref": "refs/tags/3.0.14",
        "repo": "golden",
        "type": "github"
      }
    },
    "src-msgpack4nim-v0_2_9": {
      "flake": false,
      "locked": {
        "lastModified": 1572437256,
        "narHash": "sha256-YZzDGgheKknyR80o6gUObQHhiUajQ9aeZouctnfi1V4=",
        "owner": "jangko",
        "repo": "msgpack4nim",
        "rev": "9c4bc6e66d5d193692be0e7c5605166dc61756dc",
        "type": "github"
      },
      "original": {
        "owner": "jangko",
        "ref": "refs/tags/v0.2.9",
        "repo": "msgpack4nim",
        "type": "github"
      }
    },
    "src-terminaltables-master": {
      "flake": false,
      "locked": {
        "lastModified": 1590105459,
        "narHash": "sha256-v0UH/8Aax0eA7mO1qA36AwJUBCVZTaKfZkeIzd4Ppzw=",
        "owner": "xmonader",
        "repo": "nim-terminaltables",
        "rev": "37981f5d403fb55688e00d24ab9b1d56e252f52b",
        "type": "github"
      },
      "original": {
        "owner": "xmonader",
        "ref": "refs/heads/master",
        "repo": "nim-terminaltables",
        "type": "github"
      }
    },
    "terminaltables": {
      "inputs": {
        "flakeNimbleLib": [
          "flakeNimbleLib"
        ],
        "nixpkgs": [
          "nixpkgs"
        ],
        "terminaltables-master": "terminaltables-master"
      },
      "locked": {
        "lastModified": 1648108162,
        "narHash": "sha256-ogn/RranbomREWWGNjTFKYoLX6Pw2xc9DiaeDKZMFrI=",
        "owner": "nim-nix-pkgs",
        "repo": "terminaltables",
        "rev": "b41d0d556a93867f64b357e05c1c975adaef4bfb",
        "type": "github"
      },
      "original": {
        "owner": "nim-nix-pkgs",
        "ref": "master",
        "repo": "terminaltables",
        "type": "github"
      }
    },
    "terminaltables-master": {
      "inputs": {
        "flakeNimbleLib": [
          "terminaltables",
          "flakeNimbleLib"
        ],
        "nixpkgs": [
          "terminaltables",
          "nixpkgs"
        ],
        "src-terminaltables-master": "src-terminaltables-master"
      },
      "locked": {
        "dir": "master",
        "lastModified": 1648108162,
        "narHash": "sha256-ogn/RranbomREWWGNjTFKYoLX6Pw2xc9DiaeDKZMFrI=",
        "owner": "nim-nix-pkgs",
        "repo": "terminaltables",
        "rev": "b41d0d556a93867f64b357e05c1c975adaef4bfb",
        "type": "github"
      },
      "original": {
        "dir": "master",
        "owner": "nim-nix-pkgs",
        "ref": "master",
        "repo": "terminaltables",
        "type": "github"
      }
    }
  },
  "root": "root",
  "version": 7
}
